
Microsoft Visual Studio Solution File, Format Version 12.00
# Visual Studio Version 16
VisualStudioVersion = 16.0.30503.244
MinimumVisualStudioVersion = 10.0.40219.1
Project("{FAE04EC0-301F-11D3-BF4B-00C04F79EFBC}") = "Image Editor", "Image Editor\Image Editor.csproj", "{B7B8E4DF-1F68-4E59-9985-398474A90D61}"
EndProject
Global
	GlobalSection(SolutionConfigurationPlatforms) = preSolution
		Debug|Any CPU = Debug|Any CPU
		Release|Any CPU = Release|Any CPU
	EndGlobalSection
	GlobalSection(ProjectConfigurationPlatforms) = postSolution
		{B7B8E4DF-1F68-4E59-9985-398474A90D61}.Debug|Any CPU.ActiveCfg = Debug|Any CPU
		{B7B8E4DF-1F68-4E59-9985-398474A90D61}.Debug|Any CPU.Build.0 = Debug|Any CPU
		{B7B8E4DF-1F68-4E59-9985-398474A90D61}.Release|Any CPU.ActiveCfg = Release|Any CPU
		{B7B8E4DF-1F68-4E59-9985-398474A90D61}.Release|Any CPU.Build.0 = Release|Any CPU
	EndGlobalSection
	GlobalSection(SolutionProperties) = preSolution
		HideSolutionNode = FALSE
	EndGlobalSection
	GlobalSection(ExtensibilityGlobals) = postSolution
		SolutionGuid = {E47B826C-B1C3-4013-B4BB-1214816AE107}
	EndGlobalSection
EndGlobal
